
Microsoft Visual Studio Solution File, Format Version 12.00
Project("{FAE04EC0-301F-11D3-BF4B-00C04F79EFBC}") = "ControlFlowStatements", "ControlFlowStatements.csproj", "{C323A3C5-57CC-44CC-8699-9F363FAFBA9B}"
EndProject
Global
	GlobalSection(SolutionConfigurationPlatforms) = preSolution
		Debug|Any CPU = Debug|Any CPU
		Release|Any CPU = Release|Any CPU
	EndGlobalSection
	GlobalSection(ProjectConfigurationPlatforms) = postSolution
		{C323A3C5-57CC-44CC-8699-9F363FAFBA9B}.Debug|Any CPU.ActiveCfg = Debug|Any CPU
		{C323A3C5-57CC-44CC-8699-9F363FAFBA9B}.Debug|Any CPU.Build.0 = Debug|Any CPU
		{C323A3C5-57CC-44CC-8699-9F363FAFBA9B}.Release|Any CPU.ActiveCfg = Release|Any CPU
		{C323A3C5-57CC-44CC-8699-9F363FAFBA9B}.Release|Any CPU.Build.0 = Release|Any CPU
	EndGlobalSection
EndGlobal
