
Microsoft Visual Studio Solution File, Format Version 12.00
Project("{FAE04EC0-301F-11D3-BF4B-00C04F79EFBC}") = "Statements", "Statements.csproj", "{0B9B363F-A739-4238-90D6-821A61A0704D}"
EndProject
Global
	GlobalSection(SolutionConfigurationPlatforms) = preSolution
		Debug|Any CPU = Debug|Any CPU
		Release|Any CPU = Release|Any CPU
	EndGlobalSection
	GlobalSection(ProjectConfigurationPlatforms) = postSolution
		{0B9B363F-A739-4238-90D6-821A61A0704D}.Debug|Any CPU.ActiveCfg = Debug|Any CPU
		{0B9B363F-A739-4238-90D6-821A61A0704D}.Debug|Any CPU.Build.0 = Debug|Any CPU
		{0B9B363F-A739-4238-90D6-821A61A0704D}.Release|Any CPU.ActiveCfg = Release|Any CPU
		{0B9B363F-A739-4238-90D6-821A61A0704D}.Release|Any CPU.Build.0 = Release|Any CPU
	EndGlobalSection
EndGlobal
