
Microsoft Visual Studio Solution File, Format Version 12.00
Project("{FAE04EC0-301F-11D3-BF4B-00C04F79EFBC}") = "Latihan1", "Latihan1.csproj", "{06A43A46-74F6-463C-AE4C-473C50AA9B93}"
EndProject
Project("{FAE04EC0-301F-11D3-BF4B-00C04F79EFBC}") = "Latihan2", "Latihan2\Latihan2.csproj", "{68E20279-E187-45C7-98C5-516806B0EBA6}"
EndProject
Project("{FAE04EC0-301F-11D3-BF4B-00C04F79EFBC}") = "Latihan3", "Latihan3\Latihan3.csproj", "{5263927F-82AD-45DD-92C0-B3C931EDB2EB}"
EndProject
Project("{FAE04EC0-301F-11D3-BF4B-00C04F79EFBC}") = "Latihan4", "Latihan4\Latihan4.csproj", "{B0427973-13D2-44CD-92A9-9D6D9E64CF10}"
EndProject
Project("{FAE04EC0-301F-11D3-BF4B-00C04F79EFBC}") = "Latihan5", "Latihan5\Latihan5.csproj", "{D91CC4F1-9AD6-426F-93E2-16014878937E}"
EndProject
Project("{FAE04EC0-301F-11D3-BF4B-00C04F79EFBC}") = "Latihan6", "Latihan6\Latihan6.csproj", "{C57FB95B-F1D5-4DB8-97E9-8FFEE7375A0B}"
EndProject
Project("{FAE04EC0-301F-11D3-BF4B-00C04F79EFBC}") = "Latihan7", "Latihan7\Latihan7.csproj", "{7CA44735-533A-4F2C-9A7A-66FC9118A9D2}"
EndProject
Project("{FAE04EC0-301F-11D3-BF4B-00C04F79EFBC}") = "Latihan8", "Latihan8\Latihan8.csproj", "{2E5D7F7C-A0A7-4B46-B256-9E095867BE2D}"
EndProject
Project("{FAE04EC0-301F-11D3-BF4B-00C04F79EFBC}") = "Latihan9", "Latihan9\Latihan9.csproj", "{1E7459EA-C5AF-482B-94AD-AB8C673E7789}"
EndProject
Project("{FAE04EC0-301F-11D3-BF4B-00C04F79EFBC}") = "Latihan10", "Latihan10\Latihan10.csproj", "{8245A781-7BFC-4192-B374-819E084FEEAB}"
EndProject
Project("{FAE04EC0-301F-11D3-BF4B-00C04F79EFBC}") = "Latihan11", "Latihan11\Latihan11.csproj", "{E041B012-55BF-4864-87A6-C643C9BE35B9}"
EndProject
Project("{FAE04EC0-301F-11D3-BF4B-00C04F79EFBC}") = "Latihan12", "Latihan12\Latihan12.csproj", "{A58C003C-0E5F-4813-9B28-8C22AA7F0B6D}"
EndProject
Project("{FAE04EC0-301F-11D3-BF4B-00C04F79EFBC}") = "Latihan13", "Latihan13\Latihan13.csproj", "{5DB1B0EC-2034-4F80-A126-E96AB2E263D0}"
EndProject
Project("{FAE04EC0-301F-11D3-BF4B-00C04F79EFBC}") = "Latihan14", "Latihan14\Latihan14.csproj", "{D7C456F9-7A34-4D7B-908D-8ECC87FAC64A}"
EndProject
Project("{FAE04EC0-301F-11D3-BF4B-00C04F79EFBC}") = "Latihan15", "Latihan15\Latihan15.csproj", "{A7653FF6-0EAA-48C4-B516-C8C563C36752}"
EndProject
Global
	GlobalSection(SolutionConfigurationPlatforms) = preSolution
		Debug|Any CPU = Debug|Any CPU
		Release|Any CPU = Release|Any CPU
	EndGlobalSection
	GlobalSection(ProjectConfigurationPlatforms) = postSolution
		{06A43A46-74F6-463C-AE4C-473C50AA9B93}.Debug|Any CPU.ActiveCfg = Debug|Any CPU
		{06A43A46-74F6-463C-AE4C-473C50AA9B93}.Debug|Any CPU.Build.0 = Debug|Any CPU
		{06A43A46-74F6-463C-AE4C-473C50AA9B93}.Release|Any CPU.ActiveCfg = Release|Any CPU
		{06A43A46-74F6-463C-AE4C-473C50AA9B93}.Release|Any CPU.Build.0 = Release|Any CPU
		{68E20279-E187-45C7-98C5-516806B0EBA6}.Debug|Any CPU.ActiveCfg = Debug|Any CPU
		{68E20279-E187-45C7-98C5-516806B0EBA6}.Debug|Any CPU.Build.0 = Debug|Any CPU
		{68E20279-E187-45C7-98C5-516806B0EBA6}.Release|Any CPU.ActiveCfg = Release|Any CPU
		{68E20279-E187-45C7-98C5-516806B0EBA6}.Release|Any CPU.Build.0 = Release|Any CPU
		{5263927F-82AD-45DD-92C0-B3C931EDB2EB}.Debug|Any CPU.ActiveCfg = Debug|Any CPU
		{5263927F-82AD-45DD-92C0-B3C931EDB2EB}.Debug|Any CPU.Build.0 = Debug|Any CPU
		{5263927F-82AD-45DD-92C0-B3C931EDB2EB}.Release|Any CPU.ActiveCfg = Release|Any CPU
		{5263927F-82AD-45DD-92C0-B3C931EDB2EB}.Release|Any CPU.Build.0 = Release|Any CPU
		{B0427973-13D2-44CD-92A9-9D6D9E64CF10}.Debug|Any CPU.ActiveCfg = Debug|Any CPU
		{B0427973-13D2-44CD-92A9-9D6D9E64CF10}.Debug|Any CPU.Build.0 = Debug|Any CPU
		{B0427973-13D2-44CD-92A9-9D6D9E64CF10}.Release|Any CPU.ActiveCfg = Release|Any CPU
		{B0427973-13D2-44CD-92A9-9D6D9E64CF10}.Release|Any CPU.Build.0 = Release|Any CPU
		{D91CC4F1-9AD6-426F-93E2-16014878937E}.Debug|Any CPU.ActiveCfg = Debug|Any CPU
		{D91CC4F1-9AD6-426F-93E2-16014878937E}.Debug|Any CPU.Build.0 = Debug|Any CPU
		{D91CC4F1-9AD6-426F-93E2-16014878937E}.Release|Any CPU.ActiveCfg = Release|Any CPU
		{D91CC4F1-9AD6-426F-93E2-16014878937E}.Release|Any CPU.Build.0 = Release|Any CPU
		{C57FB95B-F1D5-4DB8-97E9-8FFEE7375A0B}.Debug|Any CPU.ActiveCfg = Debug|Any CPU
		{C57FB95B-F1D5-4DB8-97E9-8FFEE7375A0B}.Debug|Any CPU.Build.0 = Debug|Any CPU
		{C57FB95B-F1D5-4DB8-97E9-8FFEE7375A0B}.Release|Any CPU.ActiveCfg = Release|Any CPU
		{C57FB95B-F1D5-4DB8-97E9-8FFEE7375A0B}.Release|Any CPU.Build.0 = Release|Any CPU
		{7CA44735-533A-4F2C-9A7A-66FC9118A9D2}.Debug|Any CPU.ActiveCfg = Debug|Any CPU
		{7CA44735-533A-4F2C-9A7A-66FC9118A9D2}.Debug|Any CPU.Build.0 = Debug|Any CPU
		{7CA44735-533A-4F2C-9A7A-66FC9118A9D2}.Release|Any CPU.ActiveCfg = Release|Any CPU
		{7CA44735-533A-4F2C-9A7A-66FC9118A9D2}.Release|Any CPU.Build.0 = Release|Any CPU
		{2E5D7F7C-A0A7-4B46-B256-9E095867BE2D}.Debug|Any CPU.ActiveCfg = Debug|Any CPU
		{2E5D7F7C-A0A7-4B46-B256-9E095867BE2D}.Debug|Any CPU.Build.0 = Debug|Any CPU
		{2E5D7F7C-A0A7-4B46-B256-9E095867BE2D}.Release|Any CPU.ActiveCfg = Release|Any CPU
		{2E5D7F7C-A0A7-4B46-B256-9E095867BE2D}.Release|Any CPU.Build.0 = Release|Any CPU
		{1E7459EA-C5AF-482B-94AD-AB8C673E7789}.Debug|Any CPU.ActiveCfg = Debug|Any CPU
		{1E7459EA-C5AF-482B-94AD-AB8C673E7789}.Debug|Any CPU.Build.0 = Debug|Any CPU
		{1E7459EA-C5AF-482B-94AD-AB8C673E7789}.Release|Any CPU.ActiveCfg = Release|Any CPU
		{1E7459EA-C5AF-482B-94AD-AB8C673E7789}.Release|Any CPU.Build.0 = Release|Any CPU
		{8245A781-7BFC-4192-B374-819E084FEEAB}.Debug|Any CPU.ActiveCfg = Debug|Any CPU
		{8245A781-7BFC-4192-B374-819E084FEEAB}.Debug|Any CPU.Build.0 = Debug|Any CPU
		{8245A781-7BFC-4192-B374-819E084FEEAB}.Release|Any CPU.ActiveCfg = Release|Any CPU
		{8245A781-7BFC-4192-B374-819E084FEEAB}.Release|Any CPU.Build.0 = Release|Any CPU
		{E041B012-55BF-4864-87A6-C643C9BE35B9}.Debug|Any CPU.ActiveCfg = Debug|Any CPU
		{E041B012-55BF-4864-87A6-C643C9BE35B9}.Debug|Any CPU.Build.0 = Debug|Any CPU
		{E041B012-55BF-4864-87A6-C643C9BE35B9}.Release|Any CPU.ActiveCfg = Release|Any CPU
		{E041B012-55BF-4864-87A6-C643C9BE35B9}.Release|Any CPU.Build.0 = Release|Any CPU
		{A58C003C-0E5F-4813-9B28-8C22AA7F0B6D}.Debug|Any CPU.ActiveCfg = Debug|Any CPU
		{A58C003C-0E5F-4813-9B28-8C22AA7F0B6D}.Debug|Any CPU.Build.0 = Debug|Any CPU
		{A58C003C-0E5F-4813-9B28-8C22AA7F0B6D}.Release|Any CPU.ActiveCfg = Release|Any CPU
		{A58C003C-0E5F-4813-9B28-8C22AA7F0B6D}.Release|Any CPU.Build.0 = Release|Any CPU
		{5DB1B0EC-2034-4F80-A126-E96AB2E263D0}.Debug|Any CPU.ActiveCfg = Debug|Any CPU
		{5DB1B0EC-2034-4F80-A126-E96AB2E263D0}.Debug|Any CPU.Build.0 = Debug|Any CPU
		{5DB1B0EC-2034-4F80-A126-E96AB2E263D0}.Release|Any CPU.ActiveCfg = Release|Any CPU
		{5DB1B0EC-2034-4F80-A126-E96AB2E263D0}.Release|Any CPU.Build.0 = Release|Any CPU
		{D7C456F9-7A34-4D7B-908D-8ECC87FAC64A}.Debug|Any CPU.ActiveCfg = Debug|Any CPU
		{D7C456F9-7A34-4D7B-908D-8ECC87FAC64A}.Debug|Any CPU.Build.0 = Debug|Any CPU
		{D7C456F9-7A34-4D7B-908D-8ECC87FAC64A}.Release|Any CPU.ActiveCfg = Release|Any CPU
		{D7C456F9-7A34-4D7B-908D-8ECC87FAC64A}.Release|Any CPU.Build.0 = Release|Any CPU
		{A7653FF6-0EAA-48C4-B516-C8C563C36752}.Debug|Any CPU.ActiveCfg = Debug|Any CPU
		{A7653FF6-0EAA-48C4-B516-C8C563C36752}.Debug|Any CPU.Build.0 = Debug|Any CPU
		{A7653FF6-0EAA-48C4-B516-C8C563C36752}.Release|Any CPU.ActiveCfg = Release|Any CPU
		{A7653FF6-0EAA-48C4-B516-C8C563C36752}.Release|Any CPU.Build.0 = Release|Any CPU
	EndGlobalSection
EndGlobal
