
Microsoft Visual Studio Solution File, Format Version 12.00
Project("{FAE04EC0-301F-11D3-BF4B-00C04F79EFBC}") = "WorkingWithFileStructure", "WorkingWithFileStructure.csproj", "{3A6554B3-CC37-4375-9212-5B1D9FDBF08C}"
EndProject
Global
	GlobalSection(SolutionConfigurationPlatforms) = preSolution
		Debug|Any CPU = Debug|Any CPU
		Release|Any CPU = Release|Any CPU
	EndGlobalSection
	GlobalSection(ProjectConfigurationPlatforms) = postSolution
		{3A6554B3-CC37-4375-9212-5B1D9FDBF08C}.Debug|Any CPU.ActiveCfg = Debug|Any CPU
		{3A6554B3-CC37-4375-9212-5B1D9FDBF08C}.Debug|Any CPU.Build.0 = Debug|Any CPU
		{3A6554B3-CC37-4375-9212-5B1D9FDBF08C}.Release|Any CPU.ActiveCfg = Release|Any CPU
		{3A6554B3-CC37-4375-9212-5B1D9FDBF08C}.Release|Any CPU.Build.0 = Release|Any CPU
	EndGlobalSection
EndGlobal
